
Microsoft Visual Studio Solution File, Format Version 12.00
# Visual Studio Version 17
VisualStudioVersion = 17.11.35312.102
MinimumVisualStudioVersion = 10.0.40219.1
Project("{FAE04EC0-301F-11D3-BF4B-00C04F79EFBC}") = "TechonologyOne_Number_To_Text", "TechonologyOne_Number_To_Text\TechonologyOne_Number_To_Text.csproj", "{94966F23-8590-403C-A73F-677BA9741430}"
EndProject
Project("{FAE04EC0-301F-11D3-BF4B-00C04F79EFBC}") = "UnitTest", "UnitTest\UnitTest.csproj", "{C5C8C890-0015-4234-A3B3-731AE034B2EE}"
EndProject
Global
	GlobalSection(SolutionConfigurationPlatforms) = preSolution
		Debug|Any CPU = Debug|Any CPU
		Release|Any CPU = Release|Any CPU
	EndGlobalSection
	GlobalSection(ProjectConfigurationPlatforms) = postSolution
		{94966F23-8590-403C-A73F-677BA9741430}.Debug|Any CPU.ActiveCfg = Debug|Any CPU
		{94966F23-8590-403C-A73F-677BA9741430}.Debug|Any CPU.Build.0 = Debug|Any CPU
		{94966F23-8590-403C-A73F-677BA9741430}.Release|Any CPU.ActiveCfg = Release|Any CPU
		{94966F23-8590-403C-A73F-677BA9741430}.Release|Any CPU.Build.0 = Release|Any CPU
		{C5C8C890-0015-4234-A3B3-731AE034B2EE}.Debug|Any CPU.ActiveCfg = Debug|Any CPU
		{C5C8C890-0015-4234-A3B3-731AE034B2EE}.Debug|Any CPU.Build.0 = Debug|Any CPU
		{C5C8C890-0015-4234-A3B3-731AE034B2EE}.Release|Any CPU.ActiveCfg = Release|Any CPU
		{C5C8C890-0015-4234-A3B3-731AE034B2EE}.Release|Any CPU.Build.0 = Release|Any CPU
	EndGlobalSection
	GlobalSection(SolutionProperties) = preSolution
		HideSolutionNode = FALSE
	EndGlobalSection
	GlobalSection(ExtensibilityGlobals) = postSolution
		SolutionGuid = {46DC6EF1-672B-4567-A6E6-D911CF92120C}
	EndGlobalSection
EndGlobal
